
Microsoft Visual Studio Solution File, Format Version 12.00
# Visual Studio Version 16
VisualStudioVersion = 16.0.31727.386
MinimumVisualStudioVersion = 10.0.40219.1
Project("{FAE04EC0-301F-11D3-BF4B-00C04F79EFBC}") = "SoftwareReleasePackageBundler", "SoftwareReleasePackageBundler\SoftwareReleasePackageBundler.csproj", "{ED794474-414F-4546-8BEE-E6CAEBEE994E}"
EndProject
Global
	GlobalSection(SolutionConfigurationPlatforms) = preSolution
		Debug|Any CPU = Debug|Any CPU
		Release|Any CPU = Release|Any CPU
	EndGlobalSection
	GlobalSection(ProjectConfigurationPlatforms) = postSolution
		{ED794474-414F-4546-8BEE-E6CAEBEE994E}.Debug|Any CPU.ActiveCfg = Debug|Any CPU
		{ED794474-414F-4546-8BEE-E6CAEBEE994E}.Debug|Any CPU.Build.0 = Debug|Any CPU
		{ED794474-414F-4546-8BEE-E6CAEBEE994E}.Release|Any CPU.ActiveCfg = Release|Any CPU
		{ED794474-414F-4546-8BEE-E6CAEBEE994E}.Release|Any CPU.Build.0 = Release|Any CPU
	EndGlobalSection
	GlobalSection(SolutionProperties) = preSolution
		HideSolutionNode = FALSE
	EndGlobalSection
	GlobalSection(ExtensibilityGlobals) = postSolution
		SolutionGuid = {E2003B5B-6B7F-488A-834B-9209A4E0B421}
	EndGlobalSection
EndGlobal
